{
  "object": {
    "pins": [
      {
        "package": "BrightFutures",
        "repositoryURL": "https://github.com/thecb4/BrightFutures.git",
        "state": {
          "branch": null,
          "revision": "4be3e9c49e26955f4434e9d7dd1bfe02a658c24c",
          "version": "6.1.1"
        }
      },
      {
        "package": "Result",
        "repositoryURL": "https://github.com/thecb4/Result.git",
        "state": {
          "branch": null,
          "revision": "ec9ccc520737401564c365c6fad3544599ca8084",
          "version": "0.7.13"
        }
      }
    ]
  },
  "version": 1
}
