// !$*UTF8*$!
{
	archiveVersion = 1;
	classes = {
	};
	objectVersion = 46;
	objects = {

/* Begin PBXAggregateTarget section */
		"HyperSpace::HyperSpacePackageTests::ProductTarget" /* HyperSpacePackageTests */ = {
			isa = PBXAggregateTarget;
			buildConfigurationList = OBJ_39 /* Build configuration list for PBXAggregateTarget "HyperSpacePackageTests" */;
			buildPhases = (
			);
			dependencies = (
				OBJ_42 /* PBXTargetDependency */,
			);
			name = HyperSpacePackageTests;
			productName = HyperSpacePackageTests;
		};
/* End PBXAggregateTarget section */

/* Begin PBXBuildFile section */
		E9655EF11FFC15590069B261 /* URLSession.extension.swift in Sources */ = {isa = PBXBuildFile; fileRef = E9655EF01FFC15590069B261 /* URLSession.extension.swift */; };
		E97513E91FF897680088E1AA /* TestEnvironment.swift in Sources */ = {isa = PBXBuildFile; fileRef = E97513DD1FF896EC0088E1AA /* TestEnvironment.swift */; };
		E97513EA1FF8976C0088E1AA /* TestIP.swift in Sources */ = {isa = PBXBuildFile; fileRef = E97513DF1FF896EC0088E1AA /* TestIP.swift */; };
		E97513EB1FF8976F0088E1AA /* TestQuery.swift in Sources */ = {isa = PBXBuildFile; fileRef = E97513E11FF896EC0088E1AA /* TestQuery.swift */; };
		E97513EC1FF897730088E1AA /* TestRoute.swift in Sources */ = {isa = PBXBuildFile; fileRef = E97513E01FF896EC0088E1AA /* TestRoute.swift */; };
		E97513ED1FF897760088E1AA /* TestRoutePath.swift in Sources */ = {isa = PBXBuildFile; fileRef = E97513DB1FF896EC0088E1AA /* TestRoutePath.swift */; };
		E97513EE1FF8977B0088E1AA /* TestRouter.swift in Sources */ = {isa = PBXBuildFile; fileRef = E97513DE1FF896EC0088E1AA /* TestRouter.swift */; };
		E97513EF1FF8977F0088E1AA /* TestScheme.swift in Sources */ = {isa = PBXBuildFile; fileRef = E97513DC1FF896EC0088E1AA /* TestScheme.swift */; };
		E97513F01FF8981A0088E1AA /* Environment.swift in Sources */ = {isa = PBXBuildFile; fileRef = E97513D01FF896950088E1AA /* Environment.swift */; };
		E97513F11FF8981A0088E1AA /* Host.swift in Sources */ = {isa = PBXBuildFile; fileRef = E97513D11FF896950088E1AA /* Host.swift */; };
		E97513F21FF8981A0088E1AA /* IP.swift in Sources */ = {isa = PBXBuildFile; fileRef = E97513CF1FF896950088E1AA /* IP.swift */; };
		E97513F31FF8981A0088E1AA /* IPv6.swift in Sources */ = {isa = PBXBuildFile; fileRef = E97513CA1FF896950088E1AA /* IPv6.swift */; };
		E97513F41FF8981A0088E1AA /* Path.swift in Sources */ = {isa = PBXBuildFile; fileRef = E97513CD1FF896950088E1AA /* Path.swift */; };
		E97513F51FF8981A0088E1AA /* Query.swift in Sources */ = {isa = PBXBuildFile; fileRef = E97513CE1FF896950088E1AA /* Query.swift */; };
		E97513F61FF8981A0088E1AA /* Route.swift in Sources */ = {isa = PBXBuildFile; fileRef = E97513C91FF896950088E1AA /* Route.swift */; };
		E97513F71FF8981A0088E1AA /* Router.swift in Sources */ = {isa = PBXBuildFile; fileRef = E97513CC1FF896950088E1AA /* Router.swift */; };
		E97513F81FF8981A0088E1AA /* Scheme.swift in Sources */ = {isa = PBXBuildFile; fileRef = E97513CB1FF896950088E1AA /* Scheme.swift */; };
		E97513FA1FF89CD40088E1AA /* Method.swift in Sources */ = {isa = PBXBuildFile; fileRef = E97513F91FF89CD40088E1AA /* Method.swift */; };
		E97513FC1FF89D600088E1AA /* TestMethod.swift in Sources */ = {isa = PBXBuildFile; fileRef = E97513FB1FF89D600088E1AA /* TestMethod.swift */; };
		OBJ_21 /* Package.swift in Sources */ = {isa = PBXBuildFile; fileRef = OBJ_6 /* Package.swift */; };
		OBJ_27 /* HyperSpaceTests.swift in Sources */ = {isa = PBXBuildFile; fileRef = OBJ_12 /* HyperSpaceTests.swift */; };
		OBJ_29 /* HyperSpace.framework in Frameworks */ = {isa = PBXBuildFile; fileRef = "HyperSpace::HyperSpace::Product" /* HyperSpace.framework */; };
		OBJ_36 /* HyperSpace.swift in Sources */ = {isa = PBXBuildFile; fileRef = OBJ_9 /* HyperSpace.swift */; };
/* End PBXBuildFile section */

/* Begin PBXContainerItemProxy section */
		E97513C51FF88A200088E1AA /* PBXContainerItemProxy */ = {
			isa = PBXContainerItemProxy;
			containerPortal = OBJ_1 /* Project object */;
			proxyType = 1;
			remoteGlobalIDString = "HyperSpace::HyperSpace";
			remoteInfo = HyperSpace;
		};
		E97513C61FF88A210088E1AA /* PBXContainerItemProxy */ = {
			isa = PBXContainerItemProxy;
			containerPortal = OBJ_1 /* Project object */;
			proxyType = 1;
			remoteGlobalIDString = "HyperSpace::HyperSpaceTests";
			remoteInfo = HyperSpaceTests;
		};
/* End PBXContainerItemProxy section */

/* Begin PBXFileReference section */
		E9655EF01FFC15590069B261 /* URLSession.extension.swift */ = {isa = PBXFileReference; lastKnownFileType = sourcecode.swift; path = URLSession.extension.swift; sourceTree = "<group>"; };
		E97513C71FF88A360088E1AA /* README.md */ = {isa = PBXFileReference; fileEncoding = 4; lastKnownFileType = net.daringfireball.markdown; path = README.md; sourceTree = "<group>"; };
		E97513C81FF88C710088E1AA /* .travis.yml */ = {isa = PBXFileReference; fileEncoding = 4; lastKnownFileType = text; path = .travis.yml; sourceTree = "<group>"; };
		E97513C91FF896950088E1AA /* Route.swift */ = {isa = PBXFileReference; fileEncoding = 4; lastKnownFileType = sourcecode.swift; path = Route.swift; sourceTree = "<group>"; };
		E97513CA1FF896950088E1AA /* IPv6.swift */ = {isa = PBXFileReference; fileEncoding = 4; lastKnownFileType = sourcecode.swift; path = IPv6.swift; sourceTree = "<group>"; };
		E97513CB1FF896950088E1AA /* Scheme.swift */ = {isa = PBXFileReference; fileEncoding = 4; lastKnownFileType = sourcecode.swift; path = Scheme.swift; sourceTree = "<group>"; };
		E97513CC1FF896950088E1AA /* Router.swift */ = {isa = PBXFileReference; fileEncoding = 4; lastKnownFileType = sourcecode.swift; path = Router.swift; sourceTree = "<group>"; };
		E97513CD1FF896950088E1AA /* Path.swift */ = {isa = PBXFileReference; fileEncoding = 4; lastKnownFileType = sourcecode.swift; path = Path.swift; sourceTree = "<group>"; };
		E97513CE1FF896950088E1AA /* Query.swift */ = {isa = PBXFileReference; fileEncoding = 4; lastKnownFileType = sourcecode.swift; path = Query.swift; sourceTree = "<group>"; };
		E97513CF1FF896950088E1AA /* IP.swift */ = {isa = PBXFileReference; fileEncoding = 4; lastKnownFileType = sourcecode.swift; path = IP.swift; sourceTree = "<group>"; };
		E97513D01FF896950088E1AA /* Environment.swift */ = {isa = PBXFileReference; fileEncoding = 4; lastKnownFileType = sourcecode.swift; path = Environment.swift; sourceTree = "<group>"; };
		E97513D11FF896950088E1AA /* Host.swift */ = {isa = PBXFileReference; fileEncoding = 4; lastKnownFileType = sourcecode.swift; path = Host.swift; sourceTree = "<group>"; };
		E97513DB1FF896EC0088E1AA /* TestRoutePath.swift */ = {isa = PBXFileReference; fileEncoding = 4; lastKnownFileType = sourcecode.swift; path = TestRoutePath.swift; sourceTree = "<group>"; };
		E97513DC1FF896EC0088E1AA /* TestScheme.swift */ = {isa = PBXFileReference; fileEncoding = 4; lastKnownFileType = sourcecode.swift; path = TestScheme.swift; sourceTree = "<group>"; };
		E97513DD1FF896EC0088E1AA /* TestEnvironment.swift */ = {isa = PBXFileReference; fileEncoding = 4; lastKnownFileType = sourcecode.swift; path = TestEnvironment.swift; sourceTree = "<group>"; };
		E97513DE1FF896EC0088E1AA /* TestRouter.swift */ = {isa = PBXFileReference; fileEncoding = 4; lastKnownFileType = sourcecode.swift; path = TestRouter.swift; sourceTree = "<group>"; };
		E97513DF1FF896EC0088E1AA /* TestIP.swift */ = {isa = PBXFileReference; fileEncoding = 4; lastKnownFileType = sourcecode.swift; path = TestIP.swift; sourceTree = "<group>"; };
		E97513E01FF896EC0088E1AA /* TestRoute.swift */ = {isa = PBXFileReference; fileEncoding = 4; lastKnownFileType = sourcecode.swift; path = TestRoute.swift; sourceTree = "<group>"; };
		E97513E11FF896EC0088E1AA /* TestQuery.swift */ = {isa = PBXFileReference; fileEncoding = 4; lastKnownFileType = sourcecode.swift; path = TestQuery.swift; sourceTree = "<group>"; };
		E97513F91FF89CD40088E1AA /* Method.swift */ = {isa = PBXFileReference; lastKnownFileType = sourcecode.swift; path = Method.swift; sourceTree = "<group>"; };
		E97513FB1FF89D600088E1AA /* TestMethod.swift */ = {isa = PBXFileReference; lastKnownFileType = sourcecode.swift; path = TestMethod.swift; sourceTree = "<group>"; };
		"HyperSpace::HyperSpace::Product" /* HyperSpace.framework */ = {isa = PBXFileReference; explicitFileType = wrapper.framework; path = HyperSpace.framework; sourceTree = BUILT_PRODUCTS_DIR; };
		"HyperSpace::HyperSpaceTests::Product" /* HyperSpaceTests.xctest */ = {isa = PBXFileReference; explicitFileType = wrapper.cfbundle; path = HyperSpaceTests.xctest; sourceTree = BUILT_PRODUCTS_DIR; };
		OBJ_12 /* HyperSpaceTests.swift */ = {isa = PBXFileReference; lastKnownFileType = sourcecode.swift; path = HyperSpaceTests.swift; sourceTree = "<group>"; };
		OBJ_6 /* Package.swift */ = {isa = PBXFileReference; explicitFileType = sourcecode.swift; path = Package.swift; sourceTree = "<group>"; };
		OBJ_9 /* HyperSpace.swift */ = {isa = PBXFileReference; lastKnownFileType = sourcecode.swift; path = HyperSpace.swift; sourceTree = "<group>"; };
/* End PBXFileReference section */

/* Begin PBXFrameworksBuildPhase section */
		OBJ_28 /* Frameworks */ = {
			isa = PBXFrameworksBuildPhase;
			buildActionMask = 0;
			files = (
				OBJ_29 /* HyperSpace.framework in Frameworks */,
			);
			runOnlyForDeploymentPostprocessing = 0;
		};
		OBJ_37 /* Frameworks */ = {
			isa = PBXFrameworksBuildPhase;
			buildActionMask = 0;
			files = (
			);
			runOnlyForDeploymentPostprocessing = 0;
		};
/* End PBXFrameworksBuildPhase section */

/* Begin PBXGroup section */
		OBJ_10 /* Tests */ = {
			isa = PBXGroup;
			children = (
				OBJ_11 /* HyperSpaceTests */,
			);
			name = Tests;
			sourceTree = SOURCE_ROOT;
		};
		OBJ_11 /* HyperSpaceTests */ = {
			isa = PBXGroup;
			children = (
				E97513DD1FF896EC0088E1AA /* TestEnvironment.swift */,
				E97513DF1FF896EC0088E1AA /* TestIP.swift */,
				E97513E11FF896EC0088E1AA /* TestQuery.swift */,
				E97513E01FF896EC0088E1AA /* TestRoute.swift */,
				E97513DB1FF896EC0088E1AA /* TestRoutePath.swift */,
				E97513DE1FF896EC0088E1AA /* TestRouter.swift */,
				E97513DC1FF896EC0088E1AA /* TestScheme.swift */,
				E97513FB1FF89D600088E1AA /* TestMethod.swift */,
				OBJ_12 /* HyperSpaceTests.swift */,
			);
			name = HyperSpaceTests;
			path = Tests/HyperSpaceTests;
			sourceTree = SOURCE_ROOT;
		};
		OBJ_13 /* Products */ = {
			isa = PBXGroup;
			children = (
				"HyperSpace::HyperSpaceTests::Product" /* HyperSpaceTests.xctest */,
				"HyperSpace::HyperSpace::Product" /* HyperSpace.framework */,
			);
			name = Products;
			sourceTree = BUILT_PRODUCTS_DIR;
		};
		OBJ_5 = {
			isa = PBXGroup;
			children = (
				E97513C81FF88C710088E1AA /* .travis.yml */,
				E97513C71FF88A360088E1AA /* README.md */,
				OBJ_6 /* Package.swift */,
				OBJ_7 /* Sources */,
				OBJ_10 /* Tests */,
				OBJ_13 /* Products */,
			);
			sourceTree = "<group>";
		};
		OBJ_7 /* Sources */ = {
			isa = PBXGroup;
			children = (
				OBJ_8 /* HyperSpace */,
			);
			name = Sources;
			sourceTree = SOURCE_ROOT;
		};
		OBJ_8 /* HyperSpace */ = {
			isa = PBXGroup;
			children = (
				E97513D01FF896950088E1AA /* Environment.swift */,
				E97513D11FF896950088E1AA /* Host.swift */,
				E97513CF1FF896950088E1AA /* IP.swift */,
				E97513CA1FF896950088E1AA /* IPv6.swift */,
				E97513CD1FF896950088E1AA /* Path.swift */,
				E97513CE1FF896950088E1AA /* Query.swift */,
				E97513C91FF896950088E1AA /* Route.swift */,
				E97513CC1FF896950088E1AA /* Router.swift */,
				E97513CB1FF896950088E1AA /* Scheme.swift */,
				E97513F91FF89CD40088E1AA /* Method.swift */,
				OBJ_9 /* HyperSpace.swift */,
				E9655EF01FFC15590069B261 /* URLSession.extension.swift */,
			);
			name = HyperSpace;
			path = Sources/HyperSpace;
			sourceTree = SOURCE_ROOT;
		};
/* End PBXGroup section */

/* Begin PBXNativeTarget section */
		"HyperSpace::HyperSpace" /* HyperSpace */ = {
			isa = PBXNativeTarget;
			buildConfigurationList = OBJ_32 /* Build configuration list for PBXNativeTarget "HyperSpace" */;
			buildPhases = (
				OBJ_35 /* Sources */,
				OBJ_37 /* Frameworks */,
			);
			buildRules = (
			);
			dependencies = (
			);
			name = HyperSpace;
			productName = HyperSpace;
			productReference = "HyperSpace::HyperSpace::Product" /* HyperSpace.framework */;
			productType = "com.apple.product-type.framework";
		};
		"HyperSpace::HyperSpaceTests" /* HyperSpaceTests */ = {
			isa = PBXNativeTarget;
			buildConfigurationList = OBJ_23 /* Build configuration list for PBXNativeTarget "HyperSpaceTests" */;
			buildPhases = (
				OBJ_26 /* Sources */,
				OBJ_28 /* Frameworks */,
			);
			buildRules = (
			);
			dependencies = (
				OBJ_30 /* PBXTargetDependency */,
			);
			name = HyperSpaceTests;
			productName = HyperSpaceTests;
			productReference = "HyperSpace::HyperSpaceTests::Product" /* HyperSpaceTests.xctest */;
			productType = "com.apple.product-type.bundle.unit-test";
		};
		"HyperSpace::SwiftPMPackageDescription" /* HyperSpacePackageDescription */ = {
			isa = PBXNativeTarget;
			buildConfigurationList = OBJ_17 /* Build configuration list for PBXNativeTarget "HyperSpacePackageDescription" */;
			buildPhases = (
				OBJ_20 /* Sources */,
			);
			buildRules = (
			);
			dependencies = (
			);
			name = HyperSpacePackageDescription;
			productName = HyperSpacePackageDescription;
			productType = "com.apple.product-type.framework";
		};
/* End PBXNativeTarget section */

/* Begin PBXProject section */
		OBJ_1 /* Project object */ = {
			isa = PBXProject;
			attributes = {
				LastUpgradeCheck = 9999;
			};
			buildConfigurationList = OBJ_2 /* Build configuration list for PBXProject "HyperSpace" */;
			compatibilityVersion = "Xcode 3.2";
			developmentRegion = English;
			hasScannedForEncodings = 0;
			knownRegions = (
				en,
			);
			mainGroup = OBJ_5;
			productRefGroup = OBJ_13 /* Products */;
			projectDirPath = "";
			projectRoot = "";
			targets = (
				"HyperSpace::SwiftPMPackageDescription" /* HyperSpacePackageDescription */,
				"HyperSpace::HyperSpaceTests" /* HyperSpaceTests */,
				"HyperSpace::HyperSpace" /* HyperSpace */,
				"HyperSpace::HyperSpacePackageTests::ProductTarget" /* HyperSpacePackageTests */,
			);
		};
/* End PBXProject section */

/* Begin PBXSourcesBuildPhase section */
		OBJ_20 /* Sources */ = {
			isa = PBXSourcesBuildPhase;
			buildActionMask = 0;
			files = (
				OBJ_21 /* Package.swift in Sources */,
			);
			runOnlyForDeploymentPostprocessing = 0;
		};
		OBJ_26 /* Sources */ = {
			isa = PBXSourcesBuildPhase;
			buildActionMask = 0;
			files = (
				E97513EF1FF8977F0088E1AA /* TestScheme.swift in Sources */,
				E97513EB1FF8976F0088E1AA /* TestQuery.swift in Sources */,
				OBJ_27 /* HyperSpaceTests.swift in Sources */,
				E97513ED1FF897760088E1AA /* TestRoutePath.swift in Sources */,
				E97513EA1FF8976C0088E1AA /* TestIP.swift in Sources */,
				E97513EE1FF8977B0088E1AA /* TestRouter.swift in Sources */,
				E97513EC1FF897730088E1AA /* TestRoute.swift in Sources */,
				E97513E91FF897680088E1AA /* TestEnvironment.swift in Sources */,
				E97513FC1FF89D600088E1AA /* TestMethod.swift in Sources */,
			);
			runOnlyForDeploymentPostprocessing = 0;
		};
		OBJ_35 /* Sources */ = {
			isa = PBXSourcesBuildPhase;
			buildActionMask = 0;
			files = (
				E97513F21FF8981A0088E1AA /* IP.swift in Sources */,
				E97513F51FF8981A0088E1AA /* Query.swift in Sources */,
				E97513F11FF8981A0088E1AA /* Host.swift in Sources */,
				E9655EF11FFC15590069B261 /* URLSession.extension.swift in Sources */,
				OBJ_36 /* HyperSpace.swift in Sources */,
				E97513F81FF8981A0088E1AA /* Scheme.swift in Sources */,
				E97513F71FF8981A0088E1AA /* Router.swift in Sources */,
				E97513F31FF8981A0088E1AA /* IPv6.swift in Sources */,
				E97513F61FF8981A0088E1AA /* Route.swift in Sources */,
				E97513F41FF8981A0088E1AA /* Path.swift in Sources */,
				E97513F01FF8981A0088E1AA /* Environment.swift in Sources */,
				E97513FA1FF89CD40088E1AA /* Method.swift in Sources */,
			);
			runOnlyForDeploymentPostprocessing = 0;
		};
/* End PBXSourcesBuildPhase section */

/* Begin PBXTargetDependency section */
		OBJ_30 /* PBXTargetDependency */ = {
			isa = PBXTargetDependency;
			target = "HyperSpace::HyperSpace" /* HyperSpace */;
			targetProxy = E97513C51FF88A200088E1AA /* PBXContainerItemProxy */;
		};
		OBJ_42 /* PBXTargetDependency */ = {
			isa = PBXTargetDependency;
			target = "HyperSpace::HyperSpaceTests" /* HyperSpaceTests */;
			targetProxy = E97513C61FF88A210088E1AA /* PBXContainerItemProxy */;
		};
/* End PBXTargetDependency section */

/* Begin XCBuildConfiguration section */
		OBJ_18 /* Debug */ = {
			isa = XCBuildConfiguration;
			buildSettings = {
				LD = /usr/bin/true;
				OTHER_SWIFT_FLAGS = "-swift-version 4 -I /Applications/Xcode.app/Contents/Developer/Toolchains/XcodeDefault.xctoolchain/usr/lib/swift/pm/4 -target x86_64-apple-macosx10.10 -sdk /Applications/Xcode.app/Contents/Developer/Platforms/MacOSX.platform/Developer/SDKs/MacOSX10.13.sdk";
				SWIFT_VERSION = 4.0;
			};
			name = Debug;
		};
		OBJ_19 /* Release */ = {
			isa = XCBuildConfiguration;
			buildSettings = {
				LD = /usr/bin/true;
				OTHER_SWIFT_FLAGS = "-swift-version 4 -I /Applications/Xcode.app/Contents/Developer/Toolchains/XcodeDefault.xctoolchain/usr/lib/swift/pm/4 -target x86_64-apple-macosx10.10 -sdk /Applications/Xcode.app/Contents/Developer/Platforms/MacOSX.platform/Developer/SDKs/MacOSX10.13.sdk";
				SWIFT_VERSION = 4.0;
			};
			name = Release;
		};
		OBJ_24 /* Debug */ = {
			isa = XCBuildConfiguration;
			buildSettings = {
				DYLIB_INSTALL_NAME_BASE = "@rpath";
				EMBEDDED_CONTENT_CONTAINS_SWIFT = YES;
				FRAMEWORK_SEARCH_PATHS = (
					"$(inherited)",
					"$(PLATFORM_DIR)/Developer/Library/Frameworks",
				);
				HEADER_SEARCH_PATHS = "$(inherited)";
				INFOPLIST_FILE = HyperSpace.xcodeproj/HyperSpaceTests_Info.plist;
				LD_RUNPATH_SEARCH_PATHS = "@loader_path/../Frameworks @loader_path/Frameworks";
				OTHER_LDFLAGS = "$(inherited)";
				OTHER_SWIFT_FLAGS = "$(inherited)";
				SWIFT_VERSION = 4.0;
				TARGET_NAME = HyperSpaceTests;
			};
			name = Debug;
		};
		OBJ_25 /* Release */ = {
			isa = XCBuildConfiguration;
			buildSettings = {
				DYLIB_INSTALL_NAME_BASE = "@rpath";
				EMBEDDED_CONTENT_CONTAINS_SWIFT = YES;
				FRAMEWORK_SEARCH_PATHS = (
					"$(inherited)",
					"$(PLATFORM_DIR)/Developer/Library/Frameworks",
				);
				HEADER_SEARCH_PATHS = "$(inherited)";
				INFOPLIST_FILE = HyperSpace.xcodeproj/HyperSpaceTests_Info.plist;
				LD_RUNPATH_SEARCH_PATHS = "@loader_path/../Frameworks @loader_path/Frameworks";
				OTHER_LDFLAGS = "$(inherited)";
				OTHER_SWIFT_FLAGS = "$(inherited)";
				SWIFT_VERSION = 4.0;
				TARGET_NAME = HyperSpaceTests;
			};
			name = Release;
		};
		OBJ_3 /* Debug */ = {
			isa = XCBuildConfiguration;
			buildSettings = {
				CLANG_ENABLE_OBJC_ARC = YES;
				COMBINE_HIDPI_IMAGES = YES;
				COPY_PHASE_STRIP = NO;
				DEBUG_INFORMATION_FORMAT = dwarf;
				DYLIB_INSTALL_NAME_BASE = "@rpath";
				ENABLE_NS_ASSERTIONS = YES;
				GCC_OPTIMIZATION_LEVEL = 0;
				MACOSX_DEPLOYMENT_TARGET = 10.10;
				ONLY_ACTIVE_ARCH = YES;
				OTHER_SWIFT_FLAGS = "-DXcode";
				PRODUCT_NAME = "$(TARGET_NAME)";
				SDKROOT = macosx;
				SUPPORTED_PLATFORMS = "macosx iphoneos iphonesimulator appletvos appletvsimulator watchos watchsimulator";
				SWIFT_ACTIVE_COMPILATION_CONDITIONS = SWIFT_PACKAGE;
				SWIFT_OPTIMIZATION_LEVEL = "-Onone";
				USE_HEADERMAP = NO;
			};
			name = Debug;
		};
		OBJ_33 /* Debug */ = {
			isa = XCBuildConfiguration;
			buildSettings = {
				ENABLE_TESTABILITY = YES;
				FRAMEWORK_SEARCH_PATHS = (
					"$(inherited)",
					"$(PLATFORM_DIR)/Developer/Library/Frameworks",
				);
				HEADER_SEARCH_PATHS = "$(inherited)";
				INFOPLIST_FILE = HyperSpace.xcodeproj/HyperSpace_Info.plist;
				LD_RUNPATH_SEARCH_PATHS = "$(TOOLCHAIN_DIR)/usr/lib/swift/macosx";
				OTHER_LDFLAGS = "$(inherited)";
				OTHER_SWIFT_FLAGS = "$(inherited)";
				PRODUCT_BUNDLE_IDENTIFIER = HyperSpace;
				PRODUCT_MODULE_NAME = "$(TARGET_NAME:c99extidentifier)";
				PRODUCT_NAME = "$(TARGET_NAME:c99extidentifier)";
				SKIP_INSTALL = YES;
				SWIFT_VERSION = 4.0;
				TARGET_NAME = HyperSpace;
			};
			name = Debug;
		};
		OBJ_34 /* Release */ = {
			isa = XCBuildConfiguration;
			buildSettings = {
				ENABLE_TESTABILITY = YES;
				FRAMEWORK_SEARCH_PATHS = (
					"$(inherited)",
					"$(PLATFORM_DIR)/Developer/Library/Frameworks",
				);
				HEADER_SEARCH_PATHS = "$(inherited)";
				INFOPLIST_FILE = HyperSpace.xcodeproj/HyperSpace_Info.plist;
				LD_RUNPATH_SEARCH_PATHS = "$(TOOLCHAIN_DIR)/usr/lib/swift/macosx";
				OTHER_LDFLAGS = "$(inherited)";
				OTHER_SWIFT_FLAGS = "$(inherited)";
				PRODUCT_BUNDLE_IDENTIFIER = HyperSpace;
				PRODUCT_MODULE_NAME = "$(TARGET_NAME:c99extidentifier)";
				PRODUCT_NAME = "$(TARGET_NAME:c99extidentifier)";
				SKIP_INSTALL = YES;
				SWIFT_VERSION = 4.0;
				TARGET_NAME = HyperSpace;
			};
			name = Release;
		};
		OBJ_4 /* Release */ = {
			isa = XCBuildConfiguration;
			buildSettings = {
				CLANG_ENABLE_OBJC_ARC = YES;
				COMBINE_HIDPI_IMAGES = YES;
				COPY_PHASE_STRIP = YES;
				DEBUG_INFORMATION_FORMAT = "dwarf-with-dsym";
				DYLIB_INSTALL_NAME_BASE = "@rpath";
				GCC_OPTIMIZATION_LEVEL = s;
				MACOSX_DEPLOYMENT_TARGET = 10.10;
				OTHER_SWIFT_FLAGS = "-DXcode";
				PRODUCT_NAME = "$(TARGET_NAME)";
				SDKROOT = macosx;
				SUPPORTED_PLATFORMS = "macosx iphoneos iphonesimulator appletvos appletvsimulator watchos watchsimulator";
				SWIFT_ACTIVE_COMPILATION_CONDITIONS = SWIFT_PACKAGE;
				SWIFT_OPTIMIZATION_LEVEL = "-Owholemodule";
				USE_HEADERMAP = NO;
			};
			name = Release;
		};
		OBJ_40 /* Debug */ = {
			isa = XCBuildConfiguration;
			buildSettings = {
			};
			name = Debug;
		};
		OBJ_41 /* Release */ = {
			isa = XCBuildConfiguration;
			buildSettings = {
			};
			name = Release;
		};
/* End XCBuildConfiguration section */

/* Begin XCConfigurationList section */
		OBJ_17 /* Build configuration list for PBXNativeTarget "HyperSpacePackageDescription" */ = {
			isa = XCConfigurationList;
			buildConfigurations = (
				OBJ_18 /* Debug */,
				OBJ_19 /* Release */,
			);
			defaultConfigurationIsVisible = 0;
			defaultConfigurationName = Debug;
		};
		OBJ_2 /* Build configuration list for PBXProject "HyperSpace" */ = {
			isa = XCConfigurationList;
			buildConfigurations = (
				OBJ_3 /* Debug */,
				OBJ_4 /* Release */,
			);
			defaultConfigurationIsVisible = 0;
			defaultConfigurationName = Debug;
		};
		OBJ_23 /* Build configuration list for PBXNativeTarget "HyperSpaceTests" */ = {
			isa = XCConfigurationList;
			buildConfigurations = (
				OBJ_24 /* Debug */,
				OBJ_25 /* Release */,
			);
			defaultConfigurationIsVisible = 0;
			defaultConfigurationName = Debug;
		};
		OBJ_32 /* Build configuration list for PBXNativeTarget "HyperSpace" */ = {
			isa = XCConfigurationList;
			buildConfigurations = (
				OBJ_33 /* Debug */,
				OBJ_34 /* Release */,
			);
			defaultConfigurationIsVisible = 0;
			defaultConfigurationName = Debug;
		};
		OBJ_39 /* Build configuration list for PBXAggregateTarget "HyperSpacePackageTests" */ = {
			isa = XCConfigurationList;
			buildConfigurations = (
				OBJ_40 /* Debug */,
				OBJ_41 /* Release */,
			);
			defaultConfigurationIsVisible = 0;
			defaultConfigurationName = Debug;
		};
/* End XCConfigurationList section */
	};
	rootObject = OBJ_1 /* Project object */;
}
